// !$*UTF8*$!
{
	archiveVersion = 1;
	classes = {
	};
	objectVersion = 56;
	objects = {

/* Begin PBXBuildFile section */
		2312A6FD2A966F5B009C756B /* InsertionSort.swift in Sources */ = {isa = PBXBuildFile; fileRef = 2312A6E12A966F5A009C756B /* InsertionSort.swift */; };
		2312A6FE2A966F5B009C756B /* BubbleSort.swift in Sources */ = {isa = PBXBuildFile; fileRef = 2312A6E22A966F5A009C756B /* BubbleSort.swift */; };
		2312A6FF2A966F5B009C756B /* RadixSort.swift in Sources */ = {isa = PBXBuildFile; fileRef = 2312A6E32A966F5A009C756B /* RadixSort.swift */; };
		2312A7002A966F5B009C756B /* MergeSort.swift in Sources */ = {isa = PBXBuildFile; fileRef = 2312A6E42A966F5A009C756B /* MergeSort.swift */; };
		2312A7012A966F5B009C756B /* QuickSort.swift in Sources */ = {isa = PBXBuildFile; fileRef = 2312A6E52A966F5A009C756B /* QuickSort.swift */; };
		2312A7022A966F5B009C756B /* Stack.swift in Sources */ = {isa = PBXBuildFile; fileRef = 2312A6E72A966F5B009C756B /* Stack.swift */; };
		2312A7032A966F5B009C756B /* LinkedList.swift in Sources */ = {isa = PBXBuildFile; fileRef = 2312A6E82A966F5B009C756B /* LinkedList.swift */; };
		2312A7042A966F5B009C756B /* SortViewModel.swift in Sources */ = {isa = PBXBuildFile; fileRef = 2312A6EA2A966F5B009C756B /* SortViewModel.swift */; };
		2312A7052A966F5B009C756B /* DataStructureViewModel.swift in Sources */ = {isa = PBXBuildFile; fileRef = 2312A6EB2A966F5B009C756B /* DataStructureViewModel.swift */; };
		2312A7072A966F5B009C756B /* SplashscreenView.swift in Sources */ = {isa = PBXBuildFile; fileRef = 2312A6EF2A966F5B009C756B /* SplashscreenView.swift */; };
		2312A7082A966F5B009C756B /* InitialView.swift in Sources */ = {isa = PBXBuildFile; fileRef = 2312A6F02A966F5B009C756B /* InitialView.swift */; };
		2312A7092A966F5B009C756B /* DataStructureVisualizerView.swift in Sources */ = {isa = PBXBuildFile; fileRef = 2312A6F22A966F5B009C756B /* DataStructureVisualizerView.swift */; };
		2312A70A2A966F5B009C756B /* DataStructureContentView.swift in Sources */ = {isa = PBXBuildFile; fileRef = 2312A6F32A966F5B009C756B /* DataStructureContentView.swift */; };
		2312A70B2A966F5B009C756B /* SortVisualizerView.swift in Sources */ = {isa = PBXBuildFile; fileRef = 2312A6F62A966F5B009C756B /* SortVisualizerView.swift */; };
		2312A70C2A966F5B009C756B /* SortingContentView.swift in Sources */ = {isa = PBXBuildFile; fileRef = 2312A6F72A966F5B009C756B /* SortingContentView.swift */; };
		2312A70D2A966F5B009C756B /* AlgorithmType.swift in Sources */ = {isa = PBXBuildFile; fileRef = 2312A6F92A966F5B009C756B /* AlgorithmType.swift */; };
		2312A70E2A966F5B009C756B /* DataStructure.swift in Sources */ = {isa = PBXBuildFile; fileRef = 2312A6FA2A966F5B009C756B /* DataStructure.swift */; };
		2312A70F2A966F5B009C756B /* SortingAlgorithm.swift in Sources */ = {isa = PBXBuildFile; fileRef = 2312A6FB2A966F5B009C756B /* SortingAlgorithm.swift */; };
		2312A7102A966F5B009C756B /* Assets.xcassets in Resources */ = {isa = PBXBuildFile; fileRef = 2312A6FC2A966F5B009C756B /* Assets.xcassets */; };
/* End PBXBuildFile section */

/* Begin PBXFileReference section */
		2312A6E12A966F5A009C756B /* InsertionSort.swift */ = {isa = PBXFileReference; fileEncoding = 4; lastKnownFileType = sourcecode.swift; path = InsertionSort.swift; sourceTree = "<group>"; };
		2312A6E22A966F5A009C756B /* BubbleSort.swift */ = {isa = PBXFileReference; fileEncoding = 4; lastKnownFileType = sourcecode.swift; path = BubbleSort.swift; sourceTree = "<group>"; };
		2312A6E32A966F5A009C756B /* RadixSort.swift */ = {isa = PBXFileReference; fileEncoding = 4; lastKnownFileType = sourcecode.swift; path = RadixSort.swift; sourceTree = "<group>"; };
		2312A6E42A966F5A009C756B /* MergeSort.swift */ = {isa = PBXFileReference; fileEncoding = 4; lastKnownFileType = sourcecode.swift; path = MergeSort.swift; sourceTree = "<group>"; };
		2312A6E52A966F5A009C756B /* QuickSort.swift */ = {isa = PBXFileReference; fileEncoding = 4; lastKnownFileType = sourcecode.swift; path = QuickSort.swift; sourceTree = "<group>"; };
		2312A6E72A966F5B009C756B /* Stack.swift */ = {isa = PBXFileReference; fileEncoding = 4; lastKnownFileType = sourcecode.swift; path = Stack.swift; sourceTree = "<group>"; };
		2312A6E82A966F5B009C756B /* LinkedList.swift */ = {isa = PBXFileReference; fileEncoding = 4; lastKnownFileType = sourcecode.swift; path = LinkedList.swift; sourceTree = "<group>"; };
		2312A6EA2A966F5B009C756B /* SortViewModel.swift */ = {isa = PBXFileReference; fileEncoding = 4; lastKnownFileType = sourcecode.swift; path = SortViewModel.swift; sourceTree = "<group>"; };
		2312A6EB2A966F5B009C756B /* DataStructureViewModel.swift */ = {isa = PBXFileReference; fileEncoding = 4; lastKnownFileType = sourcecode.swift; path = DataStructureViewModel.swift; sourceTree = "<group>"; };
		2312A6EF2A966F5B009C756B /* SplashscreenView.swift */ = {isa = PBXFileReference; fileEncoding = 4; lastKnownFileType = sourcecode.swift; path = SplashscreenView.swift; sourceTree = "<group>"; };
		2312A6F02A966F5B009C756B /* InitialView.swift */ = {isa = PBXFileReference; fileEncoding = 4; lastKnownFileType = sourcecode.swift; path = InitialView.swift; sourceTree = "<group>"; };
		2312A6F22A966F5B009C756B /* DataStructureVisualizerView.swift */ = {isa = PBXFileReference; fileEncoding = 4; lastKnownFileType = sourcecode.swift; path = DataStructureVisualizerView.swift; sourceTree = "<group>"; };
		2312A6F32A966F5B009C756B /* DataStructureContentView.swift */ = {isa = PBXFileReference; fileEncoding = 4; lastKnownFileType = sourcecode.swift; path = DataStructureContentView.swift; sourceTree = "<group>"; };
		2312A6F62A966F5B009C756B /* SortVisualizerView.swift */ = {isa = PBXFileReference; fileEncoding = 4; lastKnownFileType = sourcecode.swift; path = SortVisualizerView.swift; sourceTree = "<group>"; };
		2312A6F72A966F5B009C756B /* SortingContentView.swift */ = {isa = PBXFileReference; fileEncoding = 4; lastKnownFileType = sourcecode.swift; path = SortingContentView.swift; sourceTree = "<group>"; };
		2312A6F92A966F5B009C756B /* AlgorithmType.swift */ = {isa = PBXFileReference; fileEncoding = 4; lastKnownFileType = sourcecode.swift; path = AlgorithmType.swift; sourceTree = "<group>"; };
		2312A6FA2A966F5B009C756B /* DataStructure.swift */ = {isa = PBXFileReference; fileEncoding = 4; lastKnownFileType = sourcecode.swift; path = DataStructure.swift; sourceTree = "<group>"; };
		2312A6FB2A966F5B009C756B /* SortingAlgorithm.swift */ = {isa = PBXFileReference; fileEncoding = 4; lastKnownFileType = sourcecode.swift; path = SortingAlgorithm.swift; sourceTree = "<group>"; };
		2312A6FC2A966F5B009C756B /* Assets.xcassets */ = {isa = PBXFileReference; lastKnownFileType = folder.assetcatalog; path = Assets.xcassets; sourceTree = "<group>"; };
		23F1DEE32A93BF8400298EBB /* AUDVisualizer.app */ = {isa = PBXFileReference; explicitFileType = wrapper.application; includeInIndex = 0; path = AUDVisualizer.app; sourceTree = BUILT_PRODUCTS_DIR; };
/* End PBXFileReference section */

/* Begin PBXFrameworksBuildPhase section */
		23F1DEE02A93BF8400298EBB /* Frameworks */ = {
			isa = PBXFrameworksBuildPhase;
			buildActionMask = 2147483647;
			files = (
			);
			runOnlyForDeploymentPostprocessing = 0;
		};
/* End PBXFrameworksBuildPhase section */

/* Begin PBXGroup section */
		2312A6E02A966F5A009C756B /* Algorithms */ = {
			isa = PBXGroup;
			children = (
				2312A6E12A966F5A009C756B /* InsertionSort.swift */,
				2312A6E22A966F5A009C756B /* BubbleSort.swift */,
				2312A6E32A966F5A009C756B /* RadixSort.swift */,
				2312A6E42A966F5A009C756B /* MergeSort.swift */,
				2312A6E52A966F5A009C756B /* QuickSort.swift */,
			);
			path = Algorithms;
			sourceTree = "<group>";
		};
		2312A6E62A966F5B009C756B /* Datastructures */ = {
			isa = PBXGroup;
			children = (
				2312A6E72A966F5B009C756B /* Stack.swift */,
				2312A6E82A966F5B009C756B /* LinkedList.swift */,
			);
			path = Datastructures;
			sourceTree = "<group>";
		};
		2312A6E92A966F5B009C756B /* ViewModels */ = {
			isa = PBXGroup;
			children = (
				2312A6EA2A966F5B009C756B /* SortViewModel.swift */,
				2312A6EB2A966F5B009C756B /* DataStructureViewModel.swift */,
			);
			path = ViewModels;
			sourceTree = "<group>";
		};
		2312A6EE2A966F5B009C756B /* Views */ = {
			isa = PBXGroup;
			children = (
				2312A6F42A966F5B009C756B /* Algorithm Views */,
				2312A6F12A966F5B009C756B /* Data Structure Views */,
				2312A6EF2A966F5B009C756B /* SplashscreenView.swift */,
				2312A6F02A966F5B009C756B /* InitialView.swift */,
			);
			path = Views;
			sourceTree = "<group>";
		};
		2312A6F12A966F5B009C756B /* Data Structure Views */ = {
			isa = PBXGroup;
			children = (
				2312A6F22A966F5B009C756B /* DataStructureVisualizerView.swift */,
				2312A6F32A966F5B009C756B /* DataStructureContentView.swift */,
			);
			path = "Data Structure Views";
			sourceTree = "<group>";
		};
		2312A6F42A966F5B009C756B /* Algorithm Views */ = {
			isa = PBXGroup;
			children = (
				2312A6F52A966F5B009C756B /* Sorting */,
			);
			path = "Algorithm Views";
			sourceTree = "<group>";
		};
		2312A6F52A966F5B009C756B /* Sorting */ = {
			isa = PBXGroup;
			children = (
				2312A6F62A966F5B009C756B /* SortVisualizerView.swift */,
				2312A6F72A966F5B009C756B /* SortingContentView.swift */,
			);
			path = Sorting;
			sourceTree = "<group>";
		};
		2312A6F82A966F5B009C756B /* Models */ = {
			isa = PBXGroup;
			children = (
				2312A6F92A966F5B009C756B /* AlgorithmType.swift */,
				2312A6FA2A966F5B009C756B /* DataStructure.swift */,
				2312A6FB2A966F5B009C756B /* SortingAlgorithm.swift */,
			);
			path = Models;
			sourceTree = "<group>";
		};
		23F1DEDA2A93BF8400298EBB = {
			isa = PBXGroup;
			children = (
				23F1DEE52A93BF8400298EBB /* AUDVisualizer */,
				23F1DEE42A93BF8400298EBB /* Products */,
			);
			sourceTree = "<group>";
		};
		23F1DEE42A93BF8400298EBB /* Products */ = {
			isa = PBXGroup;
			children = (
				23F1DEE32A93BF8400298EBB /* AUDVisualizer.app */,
			);
			name = Products;
			sourceTree = "<group>";
		};
		23F1DEE52A93BF8400298EBB /* AUDVisualizer */ = {
			isa = PBXGroup;
			children = (
				2312A6E02A966F5A009C756B /* Algorithms */,
				2312A6E62A966F5B009C756B /* Datastructures */,
				2312A6F82A966F5B009C756B /* Models */,
				2312A6EE2A966F5B009C756B /* Views */,
				2312A6E92A966F5B009C756B /* ViewModels */,
				2312A6FC2A966F5B009C756B /* Assets.xcassets */,
			);
			path = AUDVisualizer;
			sourceTree = "<group>";
		};
/* End PBXGroup section */

/* Begin PBXNativeTarget section */
		23F1DEE22A93BF8400298EBB /* AUDVisualizer */ = {
			isa = PBXNativeTarget;
			buildConfigurationList = 23F1DEF12A93BF8600298EBB /* Build configuration list for PBXNativeTarget "AUDVisualizer" */;
			buildPhases = (
				23F1DEDF2A93BF8400298EBB /* Sources */,
				23F1DEE02A93BF8400298EBB /* Frameworks */,
				23F1DEE12A93BF8400298EBB /* Resources */,
			);
			buildRules = (
			);
			dependencies = (
			);
			name = AUDVisualizer;
			productName = AUDVisualizer;
			productReference = 23F1DEE32A93BF8400298EBB /* AUDVisualizer.app */;
			productType = "com.apple.product-type.application";
		};
/* End PBXNativeTarget section */

/* Begin PBXProject section */
		23F1DEDB2A93BF8400298EBB /* Project object */ = {
			isa = PBXProject;
			attributes = {
				BuildIndependentTargetsInParallel = 1;
				LastSwiftUpdateCheck = 1500;
				LastUpgradeCheck = 1500;
				TargetAttributes = {
					23F1DEE22A93BF8400298EBB = {
						CreatedOnToolsVersion = 15.0;
					};
				};
			};
			buildConfigurationList = 23F1DEDE2A93BF8400298EBB /* Build configuration list for PBXProject "AUDVisualizer" */;
			compatibilityVersion = "Xcode 14.0";
			developmentRegion = en;
			hasScannedForEncodings = 0;
			knownRegions = (
				en,
				Base,
			);
			mainGroup = 23F1DEDA2A93BF8400298EBB;
			productRefGroup = 23F1DEE42A93BF8400298EBB /* Products */;
			projectDirPath = "";
			projectRoot = "";
			targets = (
				23F1DEE22A93BF8400298EBB /* AUDVisualizer */,
			);
		};
/* End PBXProject section */

/* Begin PBXResourcesBuildPhase section */
		23F1DEE12A93BF8400298EBB /* Resources */ = {
			isa = PBXResourcesBuildPhase;
			buildActionMask = 2147483647;
			files = (
				2312A7102A966F5B009C756B /* Assets.xcassets in Resources */,
			);
			runOnlyForDeploymentPostprocessing = 0;
		};
/* End PBXResourcesBuildPhase section */

/* Begin PBXSourcesBuildPhase section */
		23F1DEDF2A93BF8400298EBB /* Sources */ = {
			isa = PBXSourcesBuildPhase;
			buildActionMask = 2147483647;
			files = (
				2312A7082A966F5B009C756B /* InitialView.swift in Sources */,
				2312A6FD2A966F5B009C756B /* InsertionSort.swift in Sources */,
				2312A70F2A966F5B009C756B /* SortingAlgorithm.swift in Sources */,
				2312A70B2A966F5B009C756B /* SortVisualizerView.swift in Sources */,
				2312A7012A966F5B009C756B /* QuickSort.swift in Sources */,
				2312A70E2A966F5B009C756B /* DataStructure.swift in Sources */,
				2312A7042A966F5B009C756B /* SortViewModel.swift in Sources */,
				2312A7092A966F5B009C756B /* DataStructureVisualizerView.swift in Sources */,
				2312A6FE2A966F5B009C756B /* BubbleSort.swift in Sources */,
				2312A70D2A966F5B009C756B /* AlgorithmType.swift in Sources */,
				2312A7052A966F5B009C756B /* DataStructureViewModel.swift in Sources */,
				2312A70C2A966F5B009C756B /* SortingContentView.swift in Sources */,
				2312A7072A966F5B009C756B /* SplashscreenView.swift in Sources */,
				2312A7002A966F5B009C756B /* MergeSort.swift in Sources */,
				2312A7022A966F5B009C756B /* Stack.swift in Sources */,
				2312A6FF2A966F5B009C756B /* RadixSort.swift in Sources */,
				2312A7032A966F5B009C756B /* LinkedList.swift in Sources */,
				2312A70A2A966F5B009C756B /* DataStructureContentView.swift in Sources */,
			);
			runOnlyForDeploymentPostprocessing = 0;
		};
/* End PBXSourcesBuildPhase section */

/* Begin XCBuildConfiguration section */
		23F1DEEF2A93BF8600298EBB /* Debug */ = {
			isa = XCBuildConfiguration;
			buildSettings = {
				ALWAYS_SEARCH_USER_PATHS = NO;
				ASSETCATALOG_COMPILER_GENERATE_SWIFT_ASSET_SYMBOL_EXTENSIONS = YES;
				CLANG_ANALYZER_NONNULL = YES;
				CLANG_ANALYZER_NUMBER_OBJECT_CONVERSION = YES_AGGRESSIVE;
				CLANG_CXX_LANGUAGE_STANDARD = "gnu++20";
				CLANG_ENABLE_MODULES = YES;
				CLANG_ENABLE_OBJC_ARC = YES;
				CLANG_ENABLE_OBJC_WEAK = YES;
				CLANG_WARN_BLOCK_CAPTURE_AUTORELEASING = YES;
				CLANG_WARN_BOOL_CONVERSION = YES;
				CLANG_WARN_COMMA = YES;
				CLANG_WARN_CONSTANT_CONVERSION = YES;
				CLANG_WARN_DEPRECATED_OBJC_IMPLEMENTATIONS = YES;
				CLANG_WARN_DIRECT_OBJC_ISA_USAGE = YES_ERROR;
				CLANG_WARN_DOCUMENTATION_COMMENTS = YES;
				CLANG_WARN_EMPTY_BODY = YES;
				CLANG_WARN_ENUM_CONVERSION = YES;
				CLANG_WARN_INFINITE_RECURSION = YES;
				CLANG_WARN_INT_CONVERSION = YES;
				CLANG_WARN_NON_LITERAL_NULL_CONVERSION = YES;
				CLANG_WARN_OBJC_IMPLICIT_RETAIN_SELF = YES;
				CLANG_WARN_OBJC_LITERAL_CONVERSION = YES;
				CLANG_WARN_OBJC_ROOT_CLASS = YES_ERROR;
				CLANG_WARN_QUOTED_INCLUDE_IN_FRAMEWORK_HEADER = YES;
				CLANG_WARN_RANGE_LOOP_ANALYSIS = YES;
				CLANG_WARN_STRICT_PROTOTYPES = YES;
				CLANG_WARN_SUSPICIOUS_MOVE = YES;
				CLANG_WARN_UNGUARDED_AVAILABILITY = YES_AGGRESSIVE;
				CLANG_WARN_UNREACHABLE_CODE = YES;
				CLANG_WARN__DUPLICATE_METHOD_MATCH = YES;
				COPY_PHASE_STRIP = NO;
				DEBUG_INFORMATION_FORMAT = dwarf;
				ENABLE_STRICT_OBJC_MSGSEND = YES;
				ENABLE_TESTABILITY = YES;
				ENABLE_USER_SCRIPT_SANDBOXING = YES;
				GCC_C_LANGUAGE_STANDARD = gnu17;
				GCC_DYNAMIC_NO_PIC = NO;
				GCC_NO_COMMON_BLOCKS = YES;
				GCC_OPTIMIZATION_LEVEL = 0;
				GCC_PREPROCESSOR_DEFINITIONS = (
					"DEBUG=1",
					"$(inherited)",
				);
				GCC_WARN_64_TO_32_BIT_CONVERSION = YES;
				GCC_WARN_ABOUT_RETURN_TYPE = YES_ERROR;
				GCC_WARN_UNDECLARED_SELECTOR = YES;
				GCC_WARN_UNINITIALIZED_AUTOS = YES_AGGRESSIVE;
				GCC_WARN_UNUSED_FUNCTION = YES;
				GCC_WARN_UNUSED_VARIABLE = YES;
				IPHONEOS_DEPLOYMENT_TARGET = 17.0;
				LOCALIZATION_PREFERS_STRING_CATALOGS = YES;
				MTL_ENABLE_DEBUG_INFO = INCLUDE_SOURCE;
				MTL_FAST_MATH = YES;
				ONLY_ACTIVE_ARCH = YES;
				SDKROOT = iphoneos;
				SWIFT_ACTIVE_COMPILATION_CONDITIONS = "DEBUG $(inherited)";
				SWIFT_OPTIMIZATION_LEVEL = "-Onone";
			};
			name = Debug;
		};
		23F1DEF02A93BF8600298EBB /* Release */ = {
			isa = XCBuildConfiguration;
			buildSettings = {
				ALWAYS_SEARCH_USER_PATHS = NO;
				ASSETCATALOG_COMPILER_GENERATE_SWIFT_ASSET_SYMBOL_EXTENSIONS = YES;
				CLANG_ANALYZER_NONNULL = YES;
				CLANG_ANALYZER_NUMBER_OBJECT_CONVERSION = YES_AGGRESSIVE;
				CLANG_CXX_LANGUAGE_STANDARD = "gnu++20";
				CLANG_ENABLE_MODULES = YES;
				CLANG_ENABLE_OBJC_ARC = YES;
				CLANG_ENABLE_OBJC_WEAK = YES;
				CLANG_WARN_BLOCK_CAPTURE_AUTORELEASING = YES;
				CLANG_WARN_BOOL_CONVERSION = YES;
				CLANG_WARN_COMMA = YES;
				CLANG_WARN_CONSTANT_CONVERSION = YES;
				CLANG_WARN_DEPRECATED_OBJC_IMPLEMENTATIONS = YES;
				CLANG_WARN_DIRECT_OBJC_ISA_USAGE = YES_ERROR;
				CLANG_WARN_DOCUMENTATION_COMMENTS = YES;
				CLANG_WARN_EMPTY_BODY = YES;
				CLANG_WARN_ENUM_CONVERSION = YES;
				CLANG_WARN_INFINITE_RECURSION = YES;
				CLANG_WARN_INT_CONVERSION = YES;
				CLANG_WARN_NON_LITERAL_NULL_CONVERSION = YES;
				CLANG_WARN_OBJC_IMPLICIT_RETAIN_SELF = YES;
				CLANG_WARN_OBJC_LITERAL_CONVERSION = YES;
				CLANG_WARN_OBJC_ROOT_CLASS = YES_ERROR;
				CLANG_WARN_QUOTED_INCLUDE_IN_FRAMEWORK_HEADER = YES;
				CLANG_WARN_RANGE_LOOP_ANALYSIS = YES;
				CLANG_WARN_STRICT_PROTOTYPES = YES;
				CLANG_WARN_SUSPICIOUS_MOVE = YES;
				CLANG_WARN_UNGUARDED_AVAILABILITY = YES_AGGRESSIVE;
				CLANG_WARN_UNREACHABLE_CODE = YES;
				CLANG_WARN__DUPLICATE_METHOD_MATCH = YES;
				COPY_PHASE_STRIP = NO;
				DEBUG_INFORMATION_FORMAT = "dwarf-with-dsym";
				ENABLE_NS_ASSERTIONS = NO;
				ENABLE_STRICT_OBJC_MSGSEND = YES;
				ENABLE_USER_SCRIPT_SANDBOXING = YES;
				GCC_C_LANGUAGE_STANDARD = gnu17;
				GCC_NO_COMMON_BLOCKS = YES;
				GCC_WARN_64_TO_32_BIT_CONVERSION = YES;
				GCC_WARN_ABOUT_RETURN_TYPE = YES_ERROR;
				GCC_WARN_UNDECLARED_SELECTOR = YES;
				GCC_WARN_UNINITIALIZED_AUTOS = YES_AGGRESSIVE;
				GCC_WARN_UNUSED_FUNCTION = YES;
				GCC_WARN_UNUSED_VARIABLE = YES;
				IPHONEOS_DEPLOYMENT_TARGET = 17.0;
				LOCALIZATION_PREFERS_STRING_CATALOGS = YES;
				MTL_ENABLE_DEBUG_INFO = NO;
				MTL_FAST_MATH = YES;
				SDKROOT = iphoneos;
				SWIFT_COMPILATION_MODE = wholemodule;
				VALIDATE_PRODUCT = YES;
			};
			name = Release;
		};
		23F1DEF22A93BF8600298EBB /* Debug */ = {
			isa = XCBuildConfiguration;
			buildSettings = {
				ASSETCATALOG_COMPILER_APPICON_NAME = AppIcon;
				ASSETCATALOG_COMPILER_GLOBAL_ACCENT_COLOR_NAME = AccentColor;
				CODE_SIGN_STYLE = Automatic;
				CURRENT_PROJECT_VERSION = 1;
				DEVELOPMENT_ASSET_PATHS = "\"AUDVisualizer/Preview Content\"";
				DEVELOPMENT_TEAM = V695WDM4LC;
				ENABLE_PREVIEWS = YES;
				GENERATE_INFOPLIST_FILE = YES;
				INFOPLIST_KEY_UIApplicationSceneManifest_Generation = YES;
				INFOPLIST_KEY_UIApplicationSupportsIndirectInputEvents = YES;
				INFOPLIST_KEY_UILaunchScreen_Generation = YES;
				INFOPLIST_KEY_UISupportedInterfaceOrientations_iPad = "UIInterfaceOrientationPortrait UIInterfaceOrientationPortraitUpsideDown UIInterfaceOrientationLandscapeLeft UIInterfaceOrientationLandscapeRight";
				INFOPLIST_KEY_UISupportedInterfaceOrientations_iPhone = "UIInterfaceOrientationPortrait UIInterfaceOrientationLandscapeLeft UIInterfaceOrientationLandscapeRight";
				LD_RUNPATH_SEARCH_PATHS = (
					"$(inherited)",
					"@executable_path/Frameworks",
				);
				MARKETING_VERSION = 1.0;
				PRODUCT_BUNDLE_IDENTIFIER = lxxn.AUDVisualizer;
				PRODUCT_NAME = "$(TARGET_NAME)";
				SWIFT_EMIT_LOC_STRINGS = YES;
				SWIFT_VERSION = 5.0;
				TARGETED_DEVICE_FAMILY = "1,2";
			};
			name = Debug;
		};
		23F1DEF32A93BF8600298EBB /* Release */ = {
			isa = XCBuildConfiguration;
			buildSettings = {
				ASSETCATALOG_COMPILER_APPICON_NAME = AppIcon;
				ASSETCATALOG_COMPILER_GLOBAL_ACCENT_COLOR_NAME = AccentColor;
				CODE_SIGN_STYLE = Automatic;
				CURRENT_PROJECT_VERSION = 1;
				DEVELOPMENT_ASSET_PATHS = "\"AUDVisualizer/Preview Content\"";
				DEVELOPMENT_TEAM = V695WDM4LC;
				ENABLE_PREVIEWS = YES;
				GENERATE_INFOPLIST_FILE = YES;
				INFOPLIST_KEY_UIApplicationSceneManifest_Generation = YES;
				INFOPLIST_KEY_UIApplicationSupportsIndirectInputEvents = YES;
				INFOPLIST_KEY_UILaunchScreen_Generation = YES;
				INFOPLIST_KEY_UISupportedInterfaceOrientations_iPad = "UIInterfaceOrientationPortrait UIInterfaceOrientationPortraitUpsideDown UIInterfaceOrientationLandscapeLeft UIInterfaceOrientationLandscapeRight";
				INFOPLIST_KEY_UISupportedInterfaceOrientations_iPhone = "UIInterfaceOrientationPortrait UIInterfaceOrientationLandscapeLeft UIInterfaceOrientationLandscapeRight";
				LD_RUNPATH_SEARCH_PATHS = (
					"$(inherited)",
					"@executable_path/Frameworks",
				);
				MARKETING_VERSION = 1.0;
				PRODUCT_BUNDLE_IDENTIFIER = lxxn.AUDVisualizer;
				PRODUCT_NAME = "$(TARGET_NAME)";
				SWIFT_EMIT_LOC_STRINGS = YES;
				SWIFT_VERSION = 5.0;
				TARGETED_DEVICE_FAMILY = "1,2";
			};
			name = Release;
		};
/* End XCBuildConfiguration section */

/* Begin XCConfigurationList section */
		23F1DEDE2A93BF8400298EBB /* Build configuration list for PBXProject "AUDVisualizer" */ = {
			isa = XCConfigurationList;
			buildConfigurations = (
				23F1DEEF2A93BF8600298EBB /* Debug */,
				23F1DEF02A93BF8600298EBB /* Release */,
			);
			defaultConfigurationIsVisible = 0;
			defaultConfigurationName = Release;
		};
		23F1DEF12A93BF8600298EBB /* Build configuration list for PBXNativeTarget "AUDVisualizer" */ = {
			isa = XCConfigurationList;
			buildConfigurations = (
				23F1DEF22A93BF8600298EBB /* Debug */,
				23F1DEF32A93BF8600298EBB /* Release */,
			);
			defaultConfigurationIsVisible = 0;
			defaultConfigurationName = Release;
		};
/* End XCConfigurationList section */
	};
	rootObject = 23F1DEDB2A93BF8400298EBB /* Project object */;
}
